
Microsoft Visual Studio Solution File, Format Version 12.00
# Visual Studio Version 16
VisualStudioVersion = 16.0.31005.135
MinimumVisualStudioVersion = 10.0.40219.1
Project("{FAE04EC0-301F-11D3-BF4B-00C04F79EFBC}") = "TextFileGenerator", "TextFileGenerator.csproj", "{C126474D-DCFF-4147-9BC9-4338A47B3AFE}"
EndProject
Global
	GlobalSection(SolutionConfigurationPlatforms) = preSolution
		Debug|Any CPU = Debug|Any CPU
		Release|Any CPU = Release|Any CPU
	EndGlobalSection
	GlobalSection(ProjectConfigurationPlatforms) = postSolution
		{C126474D-DCFF-4147-9BC9-4338A47B3AFE}.Debug|Any CPU.ActiveCfg = Debug|Any CPU
		{C126474D-DCFF-4147-9BC9-4338A47B3AFE}.Debug|Any CPU.Build.0 = Debug|Any CPU
		{C126474D-DCFF-4147-9BC9-4338A47B3AFE}.Release|Any CPU.ActiveCfg = Release|Any CPU
		{C126474D-DCFF-4147-9BC9-4338A47B3AFE}.Release|Any CPU.Build.0 = Release|Any CPU
	EndGlobalSection
	GlobalSection(SolutionProperties) = preSolution
		HideSolutionNode = FALSE
	EndGlobalSection
	GlobalSection(ExtensibilityGlobals) = postSolution
		SolutionGuid = {A9D30BEC-F091-4D93-BA13-10F898D68FCB}
	EndGlobalSection
EndGlobal
